{
  "version": 4,
  "terraform_version": "0.12.17",
  "serial": 42,
  "lineage": "4503f18a-836c-646e-e820-383faac9a1ce",
  "outputs": {
    "config_map_aws_auth": {
      "value": "\n\napiVersion: v1\nkind: ConfigMap\nmetadata:\n  name: aws-auth\n  namespace: kube-system\ndata:\n  mapRoles: |\n    - rolearn: arn:aws:iam::753646501470:role/terraform-multi-cloud-k8-demoo-node\n      username: system:node:{{EC2PrivateDNSName}}\n      groups:\n        - system:bootstrappers\n        - system:nodes\n",
      "type": "string"
    },
    "kubeconfig": {
      "value": "\n\napiVersion: v1\nclusters:\n- cluster:\n    server: https://213B0045006A2046C0EF0076956AA0DE.yl4.ap-southeast-2.eks.amazonaws.com\n    certificate-authority-data: LS0tLS1CRUdJTiBDRVJUSUZJQ0FURS0tLS0tCk1JSUN5RENDQWJDZ0F3SUJBZ0lCQURBTkJna3Foa2lHOXcwQkFRc0ZBREFWTVJNd0VRWURWUVFERXdwcmRXSmwKY201bGRHVnpNQjRYRFRJd01ESXhNREF5TlRnME1sb1hEVE13TURJd056QXlOVGcwTWxvd0ZURVRNQkVHQTFVRQpBeE1LYTNWaVpYSnVaWFJsY3pDQ0FTSXdEUVlKS29aSWh2Y05BUUVCQlFBRGdnRVBBRENDQVFvQ2dnRUJBTzVNCjBPV3EzMXhBQkpxK0tWL05DVVIxQlhTVWNuakdCdXdGM0g2d1VJdTBLY1hYeHZjNkoxMWZEa1g0bUtXTlFzaWgKbHJJY2VWYTBSTW5Wc3FFK2pqYjRqNmw0SUs4cTM2OXYvMzFDNEhTVEEyR0cyNGUxeEM5SXJIUG1VZk1CNU9FVAptcFVqbmtxeFFwQ1pabEsyVFNXNUdPTFdXZFRRb1VJYkhlSjJLQk9OdUVpY2x1a0tvaFREY0xaeWhFZEdwYzNECkViMHFJM293UVlOaithWXlXeS9hRDhpNENHY2wrMDFsSUZzZXNibmpHQ081STZaZzBOaDFGMXI5ZXFmSGovWjgKNzVac2dERzQzRUYzc2hXZExNb002REdLN2VwU3RVRW1WWHhDOG54SDB6SGpEbkFRb3BPWlJZVWRXVlFRM3ZuVgpEUURvcjRualhCVXAzY2tZU1BzQ0F3RUFBYU1qTUNFd0RnWURWUjBQQVFIL0JBUURBZ0trTUE4R0ExVWRFd0VCCi93UUZNQU1CQWY4d0RRWUpLb1pJaHZjTkFRRUxCUUFEZ2dFQkFPTG9DY1hzSHR0ZFV4SXNPWG13WE8xSG9XY08KZXhlZXJIVGpzc3FxNFFsbVBsc3RvQlp0Z2tITzVRcFdsbzlGZjAra1lLVjJjZ1hkMVJnU1ZFeUExVHo3RDV3SwpWbU1RQllhbW54MUNIWDk1cnBCOWtYdFg5cElqNnYxTUl6ZHJSSlljSjRYcmdmeHJjZE5QZC93Z2h3Q05aeElsCkNrRTdzd0xINHhObFpzOTdWRTlhM3hMSU11cHZjN2NiVWVzY2FhUm1VZE9oeDBENzUzbW9rcnM0TzUwZU94SzYKYk1ybkNtaUtjMGxzbVREWk5yTjBDeUY2TGJaaWpGTFVSNDIvdFgvZFlDRS9zallvSEx3Ny9tcVVOcW1oYklWUApOZVZoU3A0UTFTZXlyK1pOQzZkZ2ROcHl4WmpWekQvc2J2RHpheE40ZUVDUGJFQlovUjRRM0p4bTN4ST0KLS0tLS1FTkQgQ0VSVElGSUNBVEUtLS0tLQo=\n  name: kubernetes\ncontexts:\n- context:\n    cluster: kubernetes\n    user: aws\n  name: aws\ncurrent-context: aws\nkind: Config\npreferences: {}\nusers:\n- name: aws\n  user:\n    exec:\n      apiVersion: client.authentication.k8s.io/v1alpha1\n      command: aws-iam-authenticator\n      args:\n        - \"token\"\n        - \"-i\"\n        - \"terraform-multi-cloud-k8-demo\"\n",
      "type": "string"
    }
  },
  "resources": [
    {
      "mode": "data",
      "type": "aws_availability_zones",
      "name": "available",
      "provider": "provider.aws",
      "instances": [
        {
          "schema_version": 0,
          "attributes": {
            "blacklisted_names": null,
            "blacklisted_zone_ids": null,
            "id": "2020-02-10 02:51:09.861136 +0000 UTC",
            "names": [
              "ap-southeast-2a",
              "ap-southeast-2b",
              "ap-southeast-2c"
            ],
            "state": null,
            "zone_ids": [
              "apse2-az3",
              "apse2-az1",
              "apse2-az2"
            ]
          }
        }
      ]
    },
    {
      "mode": "data",
      "type": "aws_region",
      "name": "current",
      "provider": "provider.aws",
      "instances": [
        {
          "schema_version": 0,
          "attributes": {
            "current": null,
            "description": "Asia Pacific (Sydney)",
            "endpoint": "ec2.ap-southeast-2.amazonaws.com",
            "id": "ap-southeast-2",
            "name": "ap-southeast-2"
          }
        }
      ]
    },
    {
      "mode": "data",
      "type": "http",
      "name": "workstation-external-ip",
      "provider": "provider.http",
      "instances": [
        {
          "schema_version": 0,
          "attributes": {
            "body": "203.40.193.159\n",
            "id": "2020-02-10 02:51:06.413954 +0000 UTC",
            "request_headers": null,
            "url": "http://ipv4.icanhazip.com"
          }
        }
      ]
    },
    {
      "mode": "managed",
      "type": "aws_eks_cluster",
      "name": "demo",
      "provider": "provider.aws",
      "instances": [
        {
          "schema_version": 0,
          "attributes": {
            "arn": "arn:aws:eks:ap-southeast-2:753646501470:cluster/terraform-multi-cloud-k8-demo",
            "certificate_authority": [
              {
                "data": "LS0tLS1CRUdJTiBDRVJUSUZJQ0FURS0tLS0tCk1JSUN5RENDQWJDZ0F3SUJBZ0lCQURBTkJna3Foa2lHOXcwQkFRc0ZBREFWTVJNd0VRWURWUVFERXdwcmRXSmwKY201bGRHVnpNQjRYRFRJd01ESXhNREF5TlRnME1sb1hEVE13TURJd056QXlOVGcwTWxvd0ZURVRNQkVHQTFVRQpBeE1LYTNWaVpYSnVaWFJsY3pDQ0FTSXdEUVlKS29aSWh2Y05BUUVCQlFBRGdnRVBBRENDQVFvQ2dnRUJBTzVNCjBPV3EzMXhBQkpxK0tWL05DVVIxQlhTVWNuakdCdXdGM0g2d1VJdTBLY1hYeHZjNkoxMWZEa1g0bUtXTlFzaWgKbHJJY2VWYTBSTW5Wc3FFK2pqYjRqNmw0SUs4cTM2OXYvMzFDNEhTVEEyR0cyNGUxeEM5SXJIUG1VZk1CNU9FVAptcFVqbmtxeFFwQ1pabEsyVFNXNUdPTFdXZFRRb1VJYkhlSjJLQk9OdUVpY2x1a0tvaFREY0xaeWhFZEdwYzNECkViMHFJM293UVlOaithWXlXeS9hRDhpNENHY2wrMDFsSUZzZXNibmpHQ081STZaZzBOaDFGMXI5ZXFmSGovWjgKNzVac2dERzQzRUYzc2hXZExNb002REdLN2VwU3RVRW1WWHhDOG54SDB6SGpEbkFRb3BPWlJZVWRXVlFRM3ZuVgpEUURvcjRualhCVXAzY2tZU1BzQ0F3RUFBYU1qTUNFd0RnWURWUjBQQVFIL0JBUURBZ0trTUE4R0ExVWRFd0VCCi93UUZNQU1CQWY4d0RRWUpLb1pJaHZjTkFRRUxCUUFEZ2dFQkFPTG9DY1hzSHR0ZFV4SXNPWG13WE8xSG9XY08KZXhlZXJIVGpzc3FxNFFsbVBsc3RvQlp0Z2tITzVRcFdsbzlGZjAra1lLVjJjZ1hkMVJnU1ZFeUExVHo3RDV3SwpWbU1RQllhbW54MUNIWDk1cnBCOWtYdFg5cElqNnYxTUl6ZHJSSlljSjRYcmdmeHJjZE5QZC93Z2h3Q05aeElsCkNrRTdzd0xINHhObFpzOTdWRTlhM3hMSU11cHZjN2NiVWVzY2FhUm1VZE9oeDBENzUzbW9rcnM0TzUwZU94SzYKYk1ybkNtaUtjMGxzbVREWk5yTjBDeUY2TGJaaWpGTFVSNDIvdFgvZFlDRS9zallvSEx3Ny9tcVVOcW1oYklWUApOZVZoU3A0UTFTZXlyK1pOQzZkZ2ROcHl4WmpWekQvc2J2RHpheE40ZUVDUGJFQlovUjRRM0p4bTN4ST0KLS0tLS1FTkQgQ0VSVElGSUNBVEUtLS0tLQo="
              }
            ],
            "created_at": "2020-02-10 02:51:40 +0000 UTC",
            "enabled_cluster_log_types": null,
            "endpoint": "https://213B0045006A2046C0EF0076956AA0DE.yl4.ap-southeast-2.eks.amazonaws.com",
            "id": "terraform-multi-cloud-k8-demo",
            "identity": [
              {
                "oidc": [
                  {
                    "issuer": "https://oidc.eks.ap-southeast-2.amazonaws.com/id/213B0045006A2046C0EF0076956AA0DE"
                  }
                ]
              }
            ],
            "name": "terraform-multi-cloud-k8-demo",
            "platform_version": "eks.7",
            "role_arn": "arn:aws:iam::753646501470:role/terraform-multi-cloud-k8-demo-cluster",
            "status": "ACTIVE",
            "tags": null,
            "timeouts": null,
            "version": "1.14",
            "vpc_config": [
              {
                "cluster_security_group_id": "sg-07fb86a01b01a4b1c",
                "endpoint_private_access": false,
                "endpoint_public_access": true,
                "public_access_cidrs": [
                  "0.0.0.0/0"
                ],
                "security_group_ids": [
                  "sg-004807eeb4640bd59"
                ],
                "subnet_ids": [
                  "subnet-03e3c8173458110f7",
                  "subnet-045c70c0f2ece58bf"
                ],
                "vpc_id": "vpc-0386dc7aee083d788"
              }
            ]
          },
          "private": "eyJlMmJmYjczMC1lY2FhLTExZTYtOGY4OC0zNDM2M2JjN2M0YzAiOnsiY3JlYXRlIjoxODAwMDAwMDAwMDAwLCJkZWxldGUiOjkwMDAwMDAwMDAwMCwidXBkYXRlIjozNjAwMDAwMDAwMDAwfX0=",
          "dependencies": [
            "aws_iam_role.terraform-multi-cloud-k8-demo-cluster",
            "aws_iam_role_policy_attachment.terraform-multi-cloud-k8-demo-cluster-AmazonEKSClusterPolicy",
            "aws_iam_role_policy_attachment.terraform-multi-cloud-k8-demo-cluster-AmazonEKSServicePolicy",
            "aws_security_group.terraform-multi-cloud-k8-demo-cluster",
            "aws_subnet.multi-cloud-k8-demo",
            "aws_vpc.multi-cloud-k8-demo"
          ]
        }
      ]
    },
    {
      "mode": "managed",
      "type": "aws_eks_node_group",
      "name": "demo",
      "provider": "provider.aws",
      "instances": [
        {
          "schema_version": 0,
          "attributes": {
            "ami_type": "AL2_x86_64",
            "arn": "arn:aws:eks:ap-southeast-2:753646501470:nodegroup/terraform-multi-cloud-k8-demo/demo/2cb81685-77fd-49a4-92ec-e07391f79b7c",
            "cluster_name": "terraform-multi-cloud-k8-demo",
            "disk_size": 20,
            "id": "terraform-multi-cloud-k8-demo:demo",
            "instance_types": [
              "t3.medium"
            ],
            "labels": null,
            "node_group_name": "demo",
            "node_role_arn": "arn:aws:iam::753646501470:role/terraform-multi-cloud-k8-demoo-node",
            "release_version": "1.14.7-20190927",
            "remote_access": [],
            "resources": [
              {
                "autoscaling_groups": [
                  {
                    "name": "eks-2cb81685-77fd-49a4-92ec-e07391f79b7c"
                  }
                ],
                "remote_access_security_group_id": ""
              }
            ],
            "scaling_config": [
              {
                "desired_size": 1,
                "max_size": 1,
                "min_size": 1
              }
            ],
            "status": "ACTIVE",
            "subnet_ids": [
              "subnet-03e3c8173458110f7",
              "subnet-045c70c0f2ece58bf"
            ],
            "tags": null,
            "timeouts": null,
            "version": "1.14"
          },
          "private": "eyJlMmJmYjczMC1lY2FhLTExZTYtOGY4OC0zNDM2M2JjN2M0YzAiOnsiY3JlYXRlIjozNjAwMDAwMDAwMDAwLCJkZWxldGUiOjM2MDAwMDAwMDAwMDAsInVwZGF0ZSI6MzYwMDAwMDAwMDAwMH19",
          "dependencies": [
            "aws_eks_cluster.demo",
            "aws_iam_role.terraform-multi-cloud-k8-demo-cluster",
            "aws_iam_role.terraform-multi-cloud-k8-demo-node",
            "aws_iam_role_policy_attachment.demo-node-AmazonEC2ContainerRegistryReadOnly",
            "aws_iam_role_policy_attachment.demo-node-AmazonEKSWorkerNodePolicy",
            "aws_iam_role_policy_attachment.demo-node-AmazonEKS_CNI_Policy",
            "aws_iam_role_policy_attachment.terraform-multi-cloud-k8-demo-cluster-AmazonEKSClusterPolicy",
            "aws_iam_role_policy_attachment.terraform-multi-cloud-k8-demo-cluster-AmazonEKSServicePolicy",
            "aws_security_group.terraform-multi-cloud-k8-demo-cluster",
            "aws_subnet.multi-cloud-k8-demo",
            "aws_vpc.multi-cloud-k8-demo"
          ]
        }
      ]
    },
    {
      "mode": "managed",
      "type": "aws_iam_role",
      "name": "terraform-multi-cloud-k8-demo-cluster",
      "provider": "provider.aws",
      "instances": [
        {
          "schema_version": 0,
          "attributes": {
            "arn": "arn:aws:iam::753646501470:role/terraform-multi-cloud-k8-demo-cluster",
            "assume_role_policy": "{\"Version\":\"2012-10-17\",\"Statement\":[{\"Effect\":\"Allow\",\"Principal\":{\"Service\":\"eks.amazonaws.com\"},\"Action\":\"sts:AssumeRole\"}]}",
            "create_date": "2020-02-10T02:51:21Z",
            "description": "",
            "force_detach_policies": false,
            "id": "terraform-multi-cloud-k8-demo-cluster",
            "max_session_duration": 3600,
            "name": "terraform-multi-cloud-k8-demo-cluster",
            "name_prefix": null,
            "path": "/",
            "permissions_boundary": null,
            "tags": null,
            "unique_id": "AROA266GU7ZPMMKNVULUJ"
          },
          "private": "bnVsbA=="
        }
      ]
    },
    {
      "mode": "managed",
      "type": "aws_iam_role",
      "name": "terraform-multi-cloud-k8-demo-node",
      "provider": "provider.aws",
      "instances": [
        {
          "schema_version": 0,
          "attributes": {
            "arn": "arn:aws:iam::753646501470:role/terraform-multi-cloud-k8-demoo-node",
            "assume_role_policy": "{\"Version\":\"2012-10-17\",\"Statement\":[{\"Effect\":\"Allow\",\"Principal\":{\"Service\":\"ec2.amazonaws.com\"},\"Action\":\"sts:AssumeRole\"}]}",
            "create_date": "2020-02-10T02:51:21Z",
            "description": "",
            "force_detach_policies": false,
            "id": "terraform-multi-cloud-k8-demoo-node",
            "max_session_duration": 3600,
            "name": "terraform-multi-cloud-k8-demoo-node",
            "name_prefix": null,
            "path": "/",
            "permissions_boundary": null,
            "tags": null,
            "unique_id": "AROA266GU7ZPH6D2IV5WY"
          },
          "private": "bnVsbA=="
        }
      ]
    },
    {
      "mode": "managed",
      "type": "aws_iam_role_policy_attachment",
      "name": "demo-node-AmazonEC2ContainerRegistryReadOnly",
      "provider": "provider.aws",
      "instances": [
        {
          "schema_version": 0,
          "attributes": {
            "id": "terraform-multi-cloud-k8-demoo-node-20200210025124101400000003",
            "policy_arn": "arn:aws:iam::aws:policy/AmazonEC2ContainerRegistryReadOnly",
            "role": "terraform-multi-cloud-k8-demoo-node"
          },
          "private": "bnVsbA==",
          "dependencies": [
            "aws_iam_role.terraform-multi-cloud-k8-demo-node"
          ]
        }
      ]
    },
    {
      "mode": "managed",
      "type": "aws_iam_role_policy_attachment",
      "name": "demo-node-AmazonEKSWorkerNodePolicy",
      "provider": "provider.aws",
      "instances": [
        {
          "schema_version": 0,
          "attributes": {
            "id": "terraform-multi-cloud-k8-demoo-node-20200210025124096400000001",
            "policy_arn": "arn:aws:iam::aws:policy/AmazonEKSWorkerNodePolicy",
            "role": "terraform-multi-cloud-k8-demoo-node"
          },
          "private": "bnVsbA==",
          "dependencies": [
            "aws_iam_role.terraform-multi-cloud-k8-demo-node"
          ]
        }
      ]
    },
    {
      "mode": "managed",
      "type": "aws_iam_role_policy_attachment",
      "name": "demo-node-AmazonEKS_CNI_Policy",
      "provider": "provider.aws",
      "instances": [
        {
          "schema_version": 0,
          "attributes": {
            "id": "terraform-multi-cloud-k8-demoo-node-20200210025124097400000002",
            "policy_arn": "arn:aws:iam::aws:policy/AmazonEKS_CNI_Policy",
            "role": "terraform-multi-cloud-k8-demoo-node"
          },
          "private": "bnVsbA==",
          "dependencies": [
            "aws_iam_role.terraform-multi-cloud-k8-demo-node"
          ]
        }
      ]
    },
    {
      "mode": "managed",
      "type": "aws_iam_role_policy_attachment",
      "name": "terraform-multi-cloud-k8-demo-cluster-AmazonEKSClusterPolicy",
      "provider": "provider.aws",
      "instances": [
        {
          "schema_version": 0,
          "attributes": {
            "id": "terraform-multi-cloud-k8-demo-cluster-20200210025124131600000005",
            "policy_arn": "arn:aws:iam::aws:policy/AmazonEKSClusterPolicy",
            "role": "terraform-multi-cloud-k8-demo-cluster"
          },
          "private": "bnVsbA==",
          "dependencies": [
            "aws_iam_role.terraform-multi-cloud-k8-demo-cluster"
          ]
        }
      ]
    },
    {
      "mode": "managed",
      "type": "aws_iam_role_policy_attachment",
      "name": "terraform-multi-cloud-k8-demo-cluster-AmazonEKSServicePolicy",
      "provider": "provider.aws",
      "instances": [
        {
          "schema_version": 0,
          "attributes": {
            "id": "terraform-multi-cloud-k8-demo-cluster-20200210025124111900000004",
            "policy_arn": "arn:aws:iam::aws:policy/AmazonEKSServicePolicy",
            "role": "terraform-multi-cloud-k8-demo-cluster"
          },
          "private": "bnVsbA==",
          "dependencies": [
            "aws_iam_role.terraform-multi-cloud-k8-demo-cluster"
          ]
        }
      ]
    },
    {
      "mode": "managed",
      "type": "aws_internet_gateway",
      "name": "demo",
      "provider": "provider.aws",
      "instances": [
        {
          "schema_version": 0,
          "attributes": {
            "id": "igw-0121017ca9c60e509",
            "owner_id": "753646501470",
            "tags": {
              "Name": "multi-cloud-k8-demo"
            },
            "vpc_id": "vpc-0386dc7aee083d788"
          },
          "private": "bnVsbA==",
          "dependencies": [
            "aws_vpc.multi-cloud-k8-demo"
          ]
        }
      ]
    },
    {
      "mode": "managed",
      "type": "aws_route_table",
      "name": "demo",
      "provider": "provider.aws",
      "instances": [
        {
          "schema_version": 0,
          "attributes": {
            "id": "rtb-0567d0c6d51a64c74",
            "owner_id": "753646501470",
            "propagating_vgws": [],
            "route": [
              {
                "cidr_block": "0.0.0.0/0",
                "egress_only_gateway_id": "",
                "gateway_id": "igw-0121017ca9c60e509",
                "instance_id": "",
                "ipv6_cidr_block": "",
                "nat_gateway_id": "",
                "network_interface_id": "",
                "transit_gateway_id": "",
                "vpc_peering_connection_id": ""
              }
            ],
            "tags": null,
            "vpc_id": "vpc-0386dc7aee083d788"
          },
          "private": "bnVsbA==",
          "dependencies": [
            "aws_internet_gateway.demo",
            "aws_vpc.multi-cloud-k8-demo"
          ]
        }
      ]
    },
    {
      "mode": "managed",
      "type": "aws_route_table_association",
      "name": "demo",
      "each": "list",
      "provider": "provider.aws",
      "instances": [
        {
          "index_key": 0,
          "schema_version": 0,
          "attributes": {
            "gateway_id": null,
            "id": "rtbassoc-084963931b5fc1b43",
            "route_table_id": "rtb-0567d0c6d51a64c74",
            "subnet_id": "subnet-045c70c0f2ece58bf"
          },
          "private": "bnVsbA==",
          "dependencies": [
            "aws_internet_gateway.demo",
            "aws_route_table.demo",
            "aws_subnet.multi-cloud-k8-demo",
            "aws_vpc.multi-cloud-k8-demo"
          ]
        },
        {
          "index_key": 1,
          "schema_version": 0,
          "attributes": {
            "gateway_id": null,
            "id": "rtbassoc-022b3153e46c33d2e",
            "route_table_id": "rtb-0567d0c6d51a64c74",
            "subnet_id": "subnet-03e3c8173458110f7"
          },
          "private": "bnVsbA==",
          "dependencies": [
            "aws_internet_gateway.demo",
            "aws_route_table.demo",
            "aws_subnet.multi-cloud-k8-demo",
            "aws_vpc.multi-cloud-k8-demo"
          ]
        }
      ]
    },
    {
      "mode": "managed",
      "type": "aws_security_group",
      "name": "terraform-multi-cloud-k8-demo-cluster",
      "provider": "provider.aws",
      "instances": [
        {
          "schema_version": 1,
          "attributes": {
            "arn": "arn:aws:ec2:ap-southeast-2:753646501470:security-group/sg-004807eeb4640bd59",
            "description": "Cluster communication with worker nodes",
            "egress": [
              {
                "cidr_blocks": [
                  "0.0.0.0/0"
                ],
                "description": "",
                "from_port": 0,
                "ipv6_cidr_blocks": [],
                "prefix_list_ids": [],
                "protocol": "-1",
                "security_groups": [],
                "self": false,
                "to_port": 0
              }
            ],
            "id": "sg-004807eeb4640bd59",
            "ingress": [],
            "name": "terraform-multi-cloud-k8-demo-cluster",
            "name_prefix": null,
            "owner_id": "753646501470",
            "revoke_rules_on_delete": false,
            "tags": {
              "Name": "terraform-eks-demo"
            },
            "timeouts": null,
            "vpc_id": "vpc-0386dc7aee083d788"
          },
          "private": "eyJlMmJmYjczMC1lY2FhLTExZTYtOGY4OC0zNDM2M2JjN2M0YzAiOnsiY3JlYXRlIjo2MDAwMDAwMDAwMDAsImRlbGV0ZSI6NjAwMDAwMDAwMDAwfSwic2NoZW1hX3ZlcnNpb24iOiIxIn0=",
          "dependencies": [
            "aws_vpc.multi-cloud-k8-demo"
          ]
        }
      ]
    },
    {
      "mode": "managed",
      "type": "aws_security_group_rule",
      "name": "demo-cluster-ingress-workstation-https",
      "provider": "provider.aws",
      "instances": [
        {
          "schema_version": 2,
          "attributes": {
            "cidr_blocks": [
              "203.40.193.159/32"
            ],
            "description": "Allow workstation to communicate with the cluster API Server",
            "from_port": 443,
            "id": "sgrule-1177360928",
            "ipv6_cidr_blocks": null,
            "prefix_list_ids": null,
            "protocol": "tcp",
            "security_group_id": "sg-004807eeb4640bd59",
            "self": false,
            "source_security_group_id": null,
            "to_port": 443,
            "type": "ingress"
          },
          "private": "eyJzY2hlbWFfdmVyc2lvbiI6IjIifQ==",
          "dependencies": [
            "aws_security_group.terraform-multi-cloud-k8-demo-cluster",
            "aws_vpc.multi-cloud-k8-demo"
          ]
        }
      ]
    },
    {
      "mode": "managed",
      "type": "aws_subnet",
      "name": "multi-cloud-k8-demo",
      "each": "list",
      "provider": "provider.aws",
      "instances": [
        {
          "index_key": 0,
          "schema_version": 1,
          "attributes": {
            "arn": "arn:aws:ec2:ap-southeast-2:753646501470:subnet/subnet-045c70c0f2ece58bf",
            "assign_ipv6_address_on_creation": false,
            "availability_zone": "ap-southeast-2a",
            "availability_zone_id": "apse2-az3",
            "cidr_block": "10.0.0.0/24",
            "id": "subnet-045c70c0f2ece58bf",
            "ipv6_cidr_block": "",
            "ipv6_cidr_block_association_id": "",
            "map_public_ip_on_launch": false,
            "owner_id": "753646501470",
            "tags": {
              "Name": "terraform-multi-cloud-k8-demo-node",
              "kubernetes.io/cluster/terraform-multi-cloud-k8-demo": "shared"
            },
            "timeouts": null,
            "vpc_id": "vpc-0386dc7aee083d788"
          },
          "private": "eyJlMmJmYjczMC1lY2FhLTExZTYtOGY4OC0zNDM2M2JjN2M0YzAiOnsiY3JlYXRlIjo2MDAwMDAwMDAwMDAsImRlbGV0ZSI6MTIwMDAwMDAwMDAwMH0sInNjaGVtYV92ZXJzaW9uIjoiMSJ9",
          "dependencies": [
            "aws_vpc.multi-cloud-k8-demo"
          ]
        },
        {
          "index_key": 1,
          "schema_version": 1,
          "attributes": {
            "arn": "arn:aws:ec2:ap-southeast-2:753646501470:subnet/subnet-03e3c8173458110f7",
            "assign_ipv6_address_on_creation": false,
            "availability_zone": "ap-southeast-2b",
            "availability_zone_id": "apse2-az1",
            "cidr_block": "10.0.1.0/24",
            "id": "subnet-03e3c8173458110f7",
            "ipv6_cidr_block": "",
            "ipv6_cidr_block_association_id": "",
            "map_public_ip_on_launch": false,
            "owner_id": "753646501470",
            "tags": {
              "Name": "terraform-multi-cloud-k8-demo-node",
              "kubernetes.io/cluster/terraform-multi-cloud-k8-demo": "shared"
            },
            "timeouts": null,
            "vpc_id": "vpc-0386dc7aee083d788"
          },
          "private": "eyJlMmJmYjczMC1lY2FhLTExZTYtOGY4OC0zNDM2M2JjN2M0YzAiOnsiY3JlYXRlIjo2MDAwMDAwMDAwMDAsImRlbGV0ZSI6MTIwMDAwMDAwMDAwMH0sInNjaGVtYV92ZXJzaW9uIjoiMSJ9",
          "dependencies": [
            "aws_vpc.multi-cloud-k8-demo"
          ]
        }
      ]
    },
    {
      "mode": "managed",
      "type": "aws_vpc",
      "name": "multi-cloud-k8-demo",
      "provider": "provider.aws",
      "instances": [
        {
          "schema_version": 1,
          "attributes": {
            "arn": "arn:aws:ec2:ap-southeast-2:753646501470:vpc/vpc-0386dc7aee083d788",
            "assign_generated_ipv6_cidr_block": false,
            "cidr_block": "10.0.0.0/16",
            "default_network_acl_id": "acl-0399b8c9f820a7938",
            "default_route_table_id": "rtb-07243e54de923e80e",
            "default_security_group_id": "sg-0b6129298669a684f",
            "dhcp_options_id": "dopt-ce05b3a9",
            "enable_classiclink": false,
            "enable_classiclink_dns_support": false,
            "enable_dns_hostnames": false,
            "enable_dns_support": true,
            "id": "vpc-0386dc7aee083d788",
            "instance_tenancy": "default",
            "ipv6_association_id": "",
            "ipv6_cidr_block": "",
            "main_route_table_id": "rtb-07243e54de923e80e",
            "owner_id": "753646501470",
            "tags": {
              "Name": "terraform-multi-cloud-k8-demo-node",
              "kubernetes.io/cluster/terraform-multi-cloud-k8-demo": "shared"
            }
          },
          "private": "eyJzY2hlbWFfdmVyc2lvbiI6IjEifQ=="
        }
      ]
    }
  ]
}
